{
  "name": "5.4",
  "lockfileVersion": 3,
  "requires": true,
  "packages": {
    "": {
      "dependencies": {
        "types-registry": "^0.1.685"
      },
      "devDependencies": {
        "@types/benchmark": "^2.1.5",
        "@types/eslint": "^8.56.10",
        "@types/eslint-config-prettier": "^6.11.3",
        "@types/eslint-plugin-prettier": "^3.1.3",
        "@types/mocha": "^10.0.6",
        "@types/utf-8-validate": "^5.0.2"
      }
    },
    "node_modules/@types/benchmark": {
      "version": "2.1.5",
      "resolved": "https://registry.npmjs.org/@types/benchmark/-/benchmark-2.1.5.tgz",
      "integrity": "sha512-cKio2eFB3v7qmKcvIHLUMw/dIx/8bhWPuzpzRT4unCPRTD8VdA9Zb0afxpcxOqR4PixRS7yT42FqGS8BYL8g1w==",
      "dev": true
    },
    "node_modules/@types/eslint": {
      "version": "8.56.10",
      "resolved": "https://registry.npmjs.org/@types/eslint/-/eslint-8.56.10.tgz",
      "integrity": "sha512-Shavhk87gCtY2fhXDctcfS3e6FdxWkCx1iUZ9eEUbh7rTqlZT0/IzOkCOVt0fCjcFuZ9FPYfuezTBImfHCDBGQ==",
      "dev": true,
      "dependencies": {
        "@types/estree": "*",
        "@types/json-schema": "*"
      }
    },
    "node_modules/@types/eslint-config-prettier": {
      "version": "6.11.3",
      "resolved": "https://registry.npmjs.org/@types/eslint-config-prettier/-/eslint-config-prettier-6.11.3.tgz",
      "integrity": "sha512-3wXCiM8croUnhg9LdtZUJQwNcQYGWxxdOWDjPe1ykCqJFPVpzAKfs/2dgSoCtAvdPeaponcWPI7mPcGGp9dkKQ==",
      "dev": true
    },
    "node_modules/@types/eslint-plugin-prettier": {
      "version": "3.1.3",
      "resolved": "https://registry.npmjs.org/@types/eslint-plugin-prettier/-/eslint-plugin-prettier-3.1.3.tgz",
      "integrity": "sha512-Jk+lgBZM0u9ETUyqe2HvykL1j6uE7L1oEqbInWtsVHT6sP+AdwLb4ncmQBqASTS+YzYOPF6hKX0zgEhblRMjqA==",
      "dev": true,
      "dependencies": {
        "@types/eslint": "*"
      }
    },
    "node_modules/@types/estree": {
      "version": "1.0.5",
      "resolved": "https://registry.npmjs.org/@types/estree/-/estree-1.0.5.tgz",
      "integrity": "sha512-/kYRxGDLWzHOB7q+wtSUQlFrtcdUccpfy+X+9iMBpHK8QLLhx2wIPYuS5DYtR9Wa/YlZAbIovy7qVdB1Aq6Lyw==",
      "dev": true
    },
    "node_modules/@types/json-schema": {
      "version": "7.0.15",
      "resolved": "https://registry.npmjs.org/@types/json-schema/-/json-schema-7.0.15.tgz",
      "integrity": "sha512-5+fP8P8MFNC+AyZCDxrB2pkZFPGzqQWUzpSeuuVLvm8VMcorNYavBqoFcxK8bQz4Qsbn4oUEEem4wDLfcysGHA==",
      "dev": true
    },
    "node_modules/@types/mocha": {
      "version": "10.0.6",
      "resolved": "https://registry.npmjs.org/@types/mocha/-/mocha-10.0.6.tgz",
      "integrity": "sha512-dJvrYWxP/UcXm36Qn36fxhUKu8A/xMRXVT2cliFF1Z7UA9liG5Psj3ezNSZw+5puH2czDXRLcXQxf8JbJt0ejg==",
      "dev": true
    },
    "node_modules/@types/node": {
      "version": "20.12.12",
      "resolved": "https://registry.npmjs.org/@types/node/-/node-20.12.12.tgz",
      "integrity": "sha512-eWLDGF/FOSPtAvEqeRAQ4C8LSA7M1I7i0ky1I8U7kD1J5ITyW3AsRhQrKVoWf5pFKZ2kILsEGJhsI9r93PYnOw==",
      "dev": true,
      "dependencies": {
        "undici-types": "~5.26.4"
      }
    },
    "node_modules/@types/utf-8-validate": {
      "version": "5.0.2",
      "resolved": "https://registry.npmjs.org/@types/utf-8-validate/-/utf-8-validate-5.0.2.tgz",
      "integrity": "sha512-ta7cOkEiNr0RGKARljNBaI7E1GBIr3VwS9RrSoQRmbdv1RVq7Q6VhjSGmQHYNt3nHn051qZBKKrpnw7cnEMDuQ==",
      "dev": true,
      "dependencies": {
        "@types/node": "*"
      }
    },
    "node_modules/types-registry": {
      "version": "0.1.685",
      "resolved": "https://registry.npmjs.org/types-registry/-/types-registry-0.1.685.tgz",
      "integrity": "sha512-dC3Nqu/q2Ey8Jj/YV0plEub0oycMiu3VaAf+tf8X5uhtiRS4iF1BubY5cra1LIaKr+fTblxQvoVAYIPeVj1A9g=="
    },
    "node_modules/undici-types": {
      "version": "5.26.5",
      "resolved": "https://registry.npmjs.org/undici-types/-/undici-types-5.26.5.tgz",
      "integrity": "sha512-JlCMO+ehdEIKqlFxk6IfVoAUVmgz7cU7zD/h9XZ0qzeosSHmUJVOzSQvvYSYWXkFXC+IfLKSIffhv0sVZup6pA==",
      "dev": true
    }
  }
}
